
Microsoft Visual Studio Solution File, Format Version 12.00
# Visual Studio Version 16
VisualStudioVersion = 16.0.30611.23
MinimumVisualStudioVersion = 10.0.40219.1
Project("{FAE04EC0-301F-11D3-BF4B-00C04F79EFBC}") = "MailBox", "MailBox\MailBox.csproj", "{AE13C088-EA1B-4627-8C47-0F358E78EAB1}"
EndProject
Global
	GlobalSection(SolutionConfigurationPlatforms) = preSolution
		Debug|Any CPU = Debug|Any CPU
		Release|Any CPU = Release|Any CPU
	EndGlobalSection
	GlobalSection(ProjectConfigurationPlatforms) = postSolution
		{AE13C088-EA1B-4627-8C47-0F358E78EAB1}.Debug|Any CPU.ActiveCfg = Debug|Any CPU
		{AE13C088-EA1B-4627-8C47-0F358E78EAB1}.Debug|Any CPU.Build.0 = Debug|Any CPU
		{AE13C088-EA1B-4627-8C47-0F358E78EAB1}.Release|Any CPU.ActiveCfg = Release|Any CPU
		{AE13C088-EA1B-4627-8C47-0F358E78EAB1}.Release|Any CPU.Build.0 = Release|Any CPU
	EndGlobalSection
	GlobalSection(SolutionProperties) = preSolution
		HideSolutionNode = FALSE
	EndGlobalSection
	GlobalSection(ExtensibilityGlobals) = postSolution
		SolutionGuid = {4AC6F8C6-688C-4381-8E45-A01EBEF4B994}
	EndGlobalSection
EndGlobal
